
Microsoft Visual Studio Solution File, Format Version 12.00
# Visual Studio Version 16
VisualStudioVersion = 16.0.29911.84
MinimumVisualStudioVersion = 10.0.40219.1
Project("{FAE04EC0-301F-11D3-BF4B-00C04F79EFBC}") = "Server", "Server\Server.csproj", "{BA23D587-5C84-420F-BB5A-42688D5D0E25}"
EndProject
Global
	GlobalSection(SolutionConfigurationPlatforms) = preSolution
		Debug|Any CPU = Debug|Any CPU
		Release|Any CPU = Release|Any CPU
	EndGlobalSection
	GlobalSection(ProjectConfigurationPlatforms) = postSolution
		{BA23D587-5C84-420F-BB5A-42688D5D0E25}.Debug|Any CPU.ActiveCfg = Debug|Any CPU
		{BA23D587-5C84-420F-BB5A-42688D5D0E25}.Debug|Any CPU.Build.0 = Debug|Any CPU
		{BA23D587-5C84-420F-BB5A-42688D5D0E25}.Release|Any CPU.ActiveCfg = Release|Any CPU
		{BA23D587-5C84-420F-BB5A-42688D5D0E25}.Release|Any CPU.Build.0 = Release|Any CPU
	EndGlobalSection
	GlobalSection(SolutionProperties) = preSolution
		HideSolutionNode = FALSE
	EndGlobalSection
	GlobalSection(ExtensibilityGlobals) = postSolution
		SolutionGuid = {12CD7338-971F-4718-AD39-8BFA0C278234}
	EndGlobalSection
EndGlobal
